
Microsoft Visual Studio Solution File, Format Version 12.00
# Visual Studio Version 17
VisualStudioVersion = 17.14.36908.2 d17.14
MinimumVisualStudioVersion = 10.0.40219.1
Project("{FAE04EC0-301F-11D3-BF4B-00C04F79EFBC}") = "MqttServerHost", "MqttServerHost\MqttServerHost.csproj", "{96184DD5-65E5-4FF8-B8C1-C2BAE24802D4}"
EndProject
Project("{FAE04EC0-301F-11D3-BF4B-00C04F79EFBC}") = "MqttServerLib", "..\MqttServerLib\MqttServerLib.csproj", "{B277AEDD-C574-1D14-99F6-83B2C62EFBC0}"
EndProject
Global
	GlobalSection(SolutionConfigurationPlatforms) = preSolution
		Debug|Any CPU = Debug|Any CPU
		Release|Any CPU = Release|Any CPU
	EndGlobalSection
	GlobalSection(ProjectConfigurationPlatforms) = postSolution
		{96184DD5-65E5-4FF8-B8C1-C2BAE24802D4}.Debug|Any CPU.ActiveCfg = Debug|Any CPU
		{96184DD5-65E5-4FF8-B8C1-C2BAE24802D4}.Debug|Any CPU.Build.0 = Debug|Any CPU
		{96184DD5-65E5-4FF8-B8C1-C2BAE24802D4}.Release|Any CPU.ActiveCfg = Release|Any CPU
		{96184DD5-65E5-4FF8-B8C1-C2BAE24802D4}.Release|Any CPU.Build.0 = Release|Any CPU
		{B277AEDD-C574-1D14-99F6-83B2C62EFBC0}.Debug|Any CPU.ActiveCfg = Debug|Any CPU
		{B277AEDD-C574-1D14-99F6-83B2C62EFBC0}.Debug|Any CPU.Build.0 = Debug|Any CPU
		{B277AEDD-C574-1D14-99F6-83B2C62EFBC0}.Release|Any CPU.ActiveCfg = Release|Any CPU
		{B277AEDD-C574-1D14-99F6-83B2C62EFBC0}.Release|Any CPU.Build.0 = Release|Any CPU
	EndGlobalSection
	GlobalSection(SolutionProperties) = preSolution
		HideSolutionNode = FALSE
	EndGlobalSection
	GlobalSection(ExtensibilityGlobals) = postSolution
		SolutionGuid = {E62C7FF5-2602-4CF8-87A4-E77F40FEA13B}
	EndGlobalSection
EndGlobal
